
Microsoft Visual Studio Solution File, Format Version 12.00
# Visual Studio 15
VisualStudioVersion = 15.0.27004.2005
MinimumVisualStudioVersion = 10.0.40219.1
Project("{FAE04EC0-301F-11D3-BF4B-00C04F79EFBC}") = "BankaProjesi", "BankaProjesi\BankaProjesi.csproj", "{1E4D3217-C9AC-4832-BBC0-A87CF91321AA}"
EndProject
Global
	GlobalSection(SolutionConfigurationPlatforms) = preSolution
		Debug|Any CPU = Debug|Any CPU
		Release|Any CPU = Release|Any CPU
	EndGlobalSection
	GlobalSection(ProjectConfigurationPlatforms) = postSolution
		{1E4D3217-C9AC-4832-BBC0-A87CF91321AA}.Debug|Any CPU.ActiveCfg = Debug|Any CPU
		{1E4D3217-C9AC-4832-BBC0-A87CF91321AA}.Debug|Any CPU.Build.0 = Debug|Any CPU
		{1E4D3217-C9AC-4832-BBC0-A87CF91321AA}.Release|Any CPU.ActiveCfg = Release|Any CPU
		{1E4D3217-C9AC-4832-BBC0-A87CF91321AA}.Release|Any CPU.Build.0 = Release|Any CPU
	EndGlobalSection
	GlobalSection(SolutionProperties) = preSolution
		HideSolutionNode = FALSE
	EndGlobalSection
	GlobalSection(ExtensibilityGlobals) = postSolution
		SolutionGuid = {64A650B6-82B1-4AE1-A361-33BCD87C2188}
	EndGlobalSection
EndGlobal
